
Microsoft Visual Studio Solution File, Format Version 12.00
# Visual Studio 15
VisualStudioVersion = 15.0.27004.2005
MinimumVisualStudioVersion = 10.0.40219.1
Project("{FAE04EC0-301F-11D3-BF4B-00C04F79EFBC}") = "Module01_CS", "Module01_CS\Module01_CS.csproj", "{ED61EF61-2518-4358-9274-AF90546F16DC}"
EndProject
Project("{2150E333-8FDC-42A3-9474-1A3956D46DE8}") = "PlayGround", "PlayGround", "{614BAE00-84EB-47BC-8C41-71B6E2131A8C}"
EndProject
Project("{2150E333-8FDC-42A3-9474-1A3956D46DE8}") = "Assignments", "Assignments", "{5E1B2542-C3EE-4515-8C83-C8E805B50E0F}"
EndProject
Project("{FAE04EC0-301F-11D3-BF4B-00C04F79EFBC}") = "Module02_HelloWorld", "Module02_HelloWorld\Module02_HelloWorld.csproj", "{3B404ABE-B1C1-4EB1-A581-63703EEFA401}"
EndProject
Project("{FAE04EC0-301F-11D3-BF4B-00C04F79EFBC}") = "Module03_ValueTypes", "Module03_ValueTypes\Module03_ValueTypes.csproj", "{52314A04-A84B-4053-A6DE-837C39AAA4A2}"
EndProject
Project("{FAE04EC0-301F-11D3-BF4B-00C04F79EFBC}") = "Module04_ReferenceTypes", "Module04_ReferenceTypes\Module04_ReferenceTypes.csproj", "{224C681D-ACDD-48F7-9929-4B111EF0D1B9}"
EndProject
Project("{FAE04EC0-301F-11D3-BF4B-00C04F79EFBC}") = "Module05_Methods", "Module05_Methods\Module05_Methods.csproj", "{779B2028-C640-4905-A36D-A83A043ACA82}"
EndProject
Project("{FAE04EC0-301F-11D3-BF4B-00C04F79EFBC}") = "Module08_Inheritance", "Module08_Inheritance\Module08_Inheritance.csproj", "{C6A5C699-6257-4CDE-9C12-70502FDC05E5}"
EndProject
Project("{FAE04EC0-301F-11D3-BF4B-00C04F79EFBC}") = "Module09_ExceptionHandling", "Module09_ExceptionHandling\Module09_ExceptionHandling.csproj", "{BD24CAA3-9A99-4922-B73F-2A1F55486AFF}"
EndProject
Project("{FAE04EC0-301F-11D3-BF4B-00C04F79EFBC}") = "Module10_Interfaces", "Module10_Interfaces\Module10_Interfaces.csproj", "{D483641F-1FC6-47B3-A957-AC7771E1114D}"
EndProject
Project("{FAE04EC0-301F-11D3-BF4B-00C04F79EFBC}") = "Module11_Collections", "Module11_Collections\Module11_Collections.csproj", "{5A6D04FF-61B6-4466-AC97-072ED4CEBA4C}"
EndProject
Project("{FAE04EC0-301F-11D3-BF4B-00C04F79EFBC}") = "Module12_Delegates", "Module12_Delegates\Module12_Delegates.csproj", "{5A1F3DDC-9D77-418A-83F2-DC422391FEB4}"
EndProject
Project("{FAE04EC0-301F-11D3-BF4B-00C04F79EFBC}") = "Module13_Avanced", "Module13_Avanced\Module13_Avanced.csproj", "{1E76C25D-E3DE-46A6-85F2-AD0D99FDD13C}"
EndProject
Project("{FAE04EC0-301F-11D3-BF4B-00C04F79EFBC}") = "Module14_LINQ", "Module14_LINQ\Module14_LINQ.csproj", "{26A8998B-29FB-4676-A5E2-42C60E15D61E}"
EndProject
Project("{FAE04EC0-301F-11D3-BF4B-00C04F79EFBC}") = "Module06_IntroOOP", "Module06_IntroOOP\Module06_IntroOOP.csproj", "{1ADB742F-AFC9-48E4-A036-484829B78DFF}"
EndProject
Project("{FAE04EC0-301F-11D3-BF4B-00C04F79EFBC}") = "Module07_Properties", "Module07_Properties\Module07_Properties.csproj", "{76322B76-8542-4732-B944-23F75E811409}"
EndProject
Global
	GlobalSection(SolutionConfigurationPlatforms) = preSolution
		Debug|Any CPU = Debug|Any CPU
		Release|Any CPU = Release|Any CPU
	EndGlobalSection
	GlobalSection(ProjectConfigurationPlatforms) = postSolution
		{ED61EF61-2518-4358-9274-AF90546F16DC}.Debug|Any CPU.ActiveCfg = Debug|Any CPU
		{ED61EF61-2518-4358-9274-AF90546F16DC}.Debug|Any CPU.Build.0 = Debug|Any CPU
		{ED61EF61-2518-4358-9274-AF90546F16DC}.Release|Any CPU.ActiveCfg = Release|Any CPU
		{ED61EF61-2518-4358-9274-AF90546F16DC}.Release|Any CPU.Build.0 = Release|Any CPU
		{3B404ABE-B1C1-4EB1-A581-63703EEFA401}.Debug|Any CPU.ActiveCfg = Debug|Any CPU
		{3B404ABE-B1C1-4EB1-A581-63703EEFA401}.Debug|Any CPU.Build.0 = Debug|Any CPU
		{3B404ABE-B1C1-4EB1-A581-63703EEFA401}.Release|Any CPU.ActiveCfg = Release|Any CPU
		{3B404ABE-B1C1-4EB1-A581-63703EEFA401}.Release|Any CPU.Build.0 = Release|Any CPU
		{52314A04-A84B-4053-A6DE-837C39AAA4A2}.Debug|Any CPU.ActiveCfg = Debug|Any CPU
		{52314A04-A84B-4053-A6DE-837C39AAA4A2}.Debug|Any CPU.Build.0 = Debug|Any CPU
		{52314A04-A84B-4053-A6DE-837C39AAA4A2}.Release|Any CPU.ActiveCfg = Release|Any CPU
		{52314A04-A84B-4053-A6DE-837C39AAA4A2}.Release|Any CPU.Build.0 = Release|Any CPU
		{224C681D-ACDD-48F7-9929-4B111EF0D1B9}.Debug|Any CPU.ActiveCfg = Debug|Any CPU
		{224C681D-ACDD-48F7-9929-4B111EF0D1B9}.Debug|Any CPU.Build.0 = Debug|Any CPU
		{224C681D-ACDD-48F7-9929-4B111EF0D1B9}.Release|Any CPU.ActiveCfg = Release|Any CPU
		{224C681D-ACDD-48F7-9929-4B111EF0D1B9}.Release|Any CPU.Build.0 = Release|Any CPU
		{779B2028-C640-4905-A36D-A83A043ACA82}.Debug|Any CPU.ActiveCfg = Debug|Any CPU
		{779B2028-C640-4905-A36D-A83A043ACA82}.Debug|Any CPU.Build.0 = Debug|Any CPU
		{779B2028-C640-4905-A36D-A83A043ACA82}.Release|Any CPU.ActiveCfg = Release|Any CPU
		{779B2028-C640-4905-A36D-A83A043ACA82}.Release|Any CPU.Build.0 = Release|Any CPU
		{C6A5C699-6257-4CDE-9C12-70502FDC05E5}.Debug|Any CPU.ActiveCfg = Debug|Any CPU
		{C6A5C699-6257-4CDE-9C12-70502FDC05E5}.Debug|Any CPU.Build.0 = Debug|Any CPU
		{C6A5C699-6257-4CDE-9C12-70502FDC05E5}.Release|Any CPU.ActiveCfg = Release|Any CPU
		{C6A5C699-6257-4CDE-9C12-70502FDC05E5}.Release|Any CPU.Build.0 = Release|Any CPU
		{BD24CAA3-9A99-4922-B73F-2A1F55486AFF}.Debug|Any CPU.ActiveCfg = Debug|Any CPU
		{BD24CAA3-9A99-4922-B73F-2A1F55486AFF}.Debug|Any CPU.Build.0 = Debug|Any CPU
		{BD24CAA3-9A99-4922-B73F-2A1F55486AFF}.Release|Any CPU.ActiveCfg = Release|Any CPU
		{BD24CAA3-9A99-4922-B73F-2A1F55486AFF}.Release|Any CPU.Build.0 = Release|Any CPU
		{D483641F-1FC6-47B3-A957-AC7771E1114D}.Debug|Any CPU.ActiveCfg = Debug|Any CPU
		{D483641F-1FC6-47B3-A957-AC7771E1114D}.Debug|Any CPU.Build.0 = Debug|Any CPU
		{D483641F-1FC6-47B3-A957-AC7771E1114D}.Release|Any CPU.ActiveCfg = Release|Any CPU
		{D483641F-1FC6-47B3-A957-AC7771E1114D}.Release|Any CPU.Build.0 = Release|Any CPU
		{5A6D04FF-61B6-4466-AC97-072ED4CEBA4C}.Debug|Any CPU.ActiveCfg = Debug|Any CPU
		{5A6D04FF-61B6-4466-AC97-072ED4CEBA4C}.Debug|Any CPU.Build.0 = Debug|Any CPU
		{5A6D04FF-61B6-4466-AC97-072ED4CEBA4C}.Release|Any CPU.ActiveCfg = Release|Any CPU
		{5A6D04FF-61B6-4466-AC97-072ED4CEBA4C}.Release|Any CPU.Build.0 = Release|Any CPU
		{5A1F3DDC-9D77-418A-83F2-DC422391FEB4}.Debug|Any CPU.ActiveCfg = Debug|Any CPU
		{5A1F3DDC-9D77-418A-83F2-DC422391FEB4}.Debug|Any CPU.Build.0 = Debug|Any CPU
		{5A1F3DDC-9D77-418A-83F2-DC422391FEB4}.Release|Any CPU.ActiveCfg = Release|Any CPU
		{5A1F3DDC-9D77-418A-83F2-DC422391FEB4}.Release|Any CPU.Build.0 = Release|Any CPU
		{1E76C25D-E3DE-46A6-85F2-AD0D99FDD13C}.Debug|Any CPU.ActiveCfg = Debug|Any CPU
		{1E76C25D-E3DE-46A6-85F2-AD0D99FDD13C}.Debug|Any CPU.Build.0 = Debug|Any CPU
		{1E76C25D-E3DE-46A6-85F2-AD0D99FDD13C}.Release|Any CPU.ActiveCfg = Release|Any CPU
		{1E76C25D-E3DE-46A6-85F2-AD0D99FDD13C}.Release|Any CPU.Build.0 = Release|Any CPU
		{26A8998B-29FB-4676-A5E2-42C60E15D61E}.Debug|Any CPU.ActiveCfg = Debug|Any CPU
		{26A8998B-29FB-4676-A5E2-42C60E15D61E}.Debug|Any CPU.Build.0 = Debug|Any CPU
		{26A8998B-29FB-4676-A5E2-42C60E15D61E}.Release|Any CPU.ActiveCfg = Release|Any CPU
		{26A8998B-29FB-4676-A5E2-42C60E15D61E}.Release|Any CPU.Build.0 = Release|Any CPU
		{1ADB742F-AFC9-48E4-A036-484829B78DFF}.Debug|Any CPU.ActiveCfg = Debug|Any CPU
		{1ADB742F-AFC9-48E4-A036-484829B78DFF}.Debug|Any CPU.Build.0 = Debug|Any CPU
		{1ADB742F-AFC9-48E4-A036-484829B78DFF}.Release|Any CPU.ActiveCfg = Release|Any CPU
		{1ADB742F-AFC9-48E4-A036-484829B78DFF}.Release|Any CPU.Build.0 = Release|Any CPU
		{76322B76-8542-4732-B944-23F75E811409}.Debug|Any CPU.ActiveCfg = Debug|Any CPU
		{76322B76-8542-4732-B944-23F75E811409}.Debug|Any CPU.Build.0 = Debug|Any CPU
		{76322B76-8542-4732-B944-23F75E811409}.Release|Any CPU.ActiveCfg = Release|Any CPU
		{76322B76-8542-4732-B944-23F75E811409}.Release|Any CPU.Build.0 = Release|Any CPU
	EndGlobalSection
	GlobalSection(SolutionProperties) = preSolution
		HideSolutionNode = FALSE
	EndGlobalSection
	GlobalSection(NestedProjects) = preSolution
		{ED61EF61-2518-4358-9274-AF90546F16DC} = {614BAE00-84EB-47BC-8C41-71B6E2131A8C}
		{3B404ABE-B1C1-4EB1-A581-63703EEFA401} = {614BAE00-84EB-47BC-8C41-71B6E2131A8C}
		{52314A04-A84B-4053-A6DE-837C39AAA4A2} = {614BAE00-84EB-47BC-8C41-71B6E2131A8C}
		{224C681D-ACDD-48F7-9929-4B111EF0D1B9} = {614BAE00-84EB-47BC-8C41-71B6E2131A8C}
		{779B2028-C640-4905-A36D-A83A043ACA82} = {614BAE00-84EB-47BC-8C41-71B6E2131A8C}
		{C6A5C699-6257-4CDE-9C12-70502FDC05E5} = {614BAE00-84EB-47BC-8C41-71B6E2131A8C}
		{BD24CAA3-9A99-4922-B73F-2A1F55486AFF} = {614BAE00-84EB-47BC-8C41-71B6E2131A8C}
		{D483641F-1FC6-47B3-A957-AC7771E1114D} = {614BAE00-84EB-47BC-8C41-71B6E2131A8C}
		{5A6D04FF-61B6-4466-AC97-072ED4CEBA4C} = {614BAE00-84EB-47BC-8C41-71B6E2131A8C}
		{5A1F3DDC-9D77-418A-83F2-DC422391FEB4} = {614BAE00-84EB-47BC-8C41-71B6E2131A8C}
		{1E76C25D-E3DE-46A6-85F2-AD0D99FDD13C} = {614BAE00-84EB-47BC-8C41-71B6E2131A8C}
		{26A8998B-29FB-4676-A5E2-42C60E15D61E} = {614BAE00-84EB-47BC-8C41-71B6E2131A8C}
		{1ADB742F-AFC9-48E4-A036-484829B78DFF} = {614BAE00-84EB-47BC-8C41-71B6E2131A8C}
		{76322B76-8542-4732-B944-23F75E811409} = {614BAE00-84EB-47BC-8C41-71B6E2131A8C}
	EndGlobalSection
	GlobalSection(ExtensibilityGlobals) = postSolution
		SolutionGuid = {A5354BDA-3E12-4F48-8A32-DAFA5BEC4AA4}
	EndGlobalSection
EndGlobal
