
Microsoft Visual Studio Solution File, Format Version 12.00
# Visual Studio 15
VisualStudioVersion = 15.0.27130.2027
MinimumVisualStudioVersion = 10.0.40219.1
Project("{FAE04EC0-301F-11D3-BF4B-00C04F79EFBC}") = "Module01_CS", "Module01_CS\Module01_CS.csproj", "{ED61EF61-2518-4358-9274-AF90546F16DC}"
EndProject
Project("{2150E333-8FDC-42A3-9474-1A3956D46DE8}") = "PlayGround", "PlayGround", "{614BAE00-84EB-47BC-8C41-71B6E2131A8C}"
EndProject
Project("{2150E333-8FDC-42A3-9474-1A3956D46DE8}") = "Assignments", "Assignments", "{5E1B2542-C3EE-4515-8C83-C8E805B50E0F}"
EndProject
Project("{FAE04EC0-301F-11D3-BF4B-00C04F79EFBC}") = "Module02_HelloWorld", "Module02_HelloWorld\Module02_HelloWorld.csproj", "{3B404ABE-B1C1-4EB1-A581-63703EEFA401}"
EndProject
Project("{FAE04EC0-301F-11D3-BF4B-00C04F79EFBC}") = "Module03_ValueTypes", "Module03_ValueTypes\Module03_ValueTypes.csproj", "{52314A04-A84B-4053-A6DE-837C39AAA4A2}"
EndProject
Project("{FAE04EC0-301F-11D3-BF4B-00C04F79EFBC}") = "Module04_ReferenceTypes", "Module04_ReferenceTypes\Module04_ReferenceTypes.csproj", "{224C681D-ACDD-48F7-9929-4B111EF0D1B9}"
EndProject
Project("{FAE04EC0-301F-11D3-BF4B-00C04F79EFBC}") = "Module05_Methods", "Module05_Methods\Module05_Methods.csproj", "{779B2028-C640-4905-A36D-A83A043ACA82}"
EndProject
Project("{FAE04EC0-301F-11D3-BF4B-00C04F79EFBC}") = "Module08_Inheritance", "Module08_Inheritance\Module08_Inheritance.csproj", "{C6A5C699-6257-4CDE-9C12-70502FDC05E5}"
EndProject
Project("{FAE04EC0-301F-11D3-BF4B-00C04F79EFBC}") = "Module09_ExceptionHandling", "Module09_ExceptionHandling\Module09_ExceptionHandling.csproj", "{BD24CAA3-9A99-4922-B73F-2A1F55486AFF}"
EndProject
Project("{FAE04EC0-301F-11D3-BF4B-00C04F79EFBC}") = "Module10_Interfaces", "Module10_Interfaces\Module10_Interfaces.csproj", "{D483641F-1FC6-47B3-A957-AC7771E1114D}"
EndProject
Project("{FAE04EC0-301F-11D3-BF4B-00C04F79EFBC}") = "Module11_Collections", "Module11_Collections\Module11_Collections.csproj", "{5A6D04FF-61B6-4466-AC97-072ED4CEBA4C}"
EndProject
Project("{FAE04EC0-301F-11D3-BF4B-00C04F79EFBC}") = "Module12_Delegates", "Module12_Delegates\Module12_Delegates.csproj", "{5A1F3DDC-9D77-418A-83F2-DC422391FEB4}"
EndProject
Project("{FAE04EC0-301F-11D3-BF4B-00C04F79EFBC}") = "Module13_Avanced", "Module13_Avanced\Module13_Avanced.csproj", "{1E76C25D-E3DE-46A6-85F2-AD0D99FDD13C}"
EndProject
Project("{FAE04EC0-301F-11D3-BF4B-00C04F79EFBC}") = "Module14_LINQ", "Module14_LINQ\Module14_LINQ.csproj", "{26A8998B-29FB-4676-A5E2-42C60E15D61E}"
EndProject
Project("{FAE04EC0-301F-11D3-BF4B-00C04F79EFBC}") = "Module06_IntroOOP", "Module06_IntroOOP\Module06_IntroOOP.csproj", "{1ADB742F-AFC9-48E4-A036-484829B78DFF}"
EndProject
Project("{FAE04EC0-301F-11D3-BF4B-00C04F79EFBC}") = "Module07_Properties", "Module07_Properties\Module07_Properties.csproj", "{76322B76-8542-4732-B944-23F75E811409}"
EndProject
Project("{FAE04EC0-301F-11D3-BF4B-00C04F79EFBC}") = "Array", "Array\Array.csproj", "{1432B50E-8BED-4DE0-A1E2-FA956D3E176C}"
EndProject
Project("{FAE04EC0-301F-11D3-BF4B-00C04F79EFBC}") = "Strenge", "Strenge\Strenge.csproj", "{AE558F87-4E8E-4678-96AA-6FB7D73D536C}"
EndProject
Project("{FAE04EC0-301F-11D3-BF4B-00C04F79EFBC}") = "løkker", "løkker\løkker.csproj", "{FB07310D-B5AF-4C22-AF13-2CD8618318AA}"
EndProject
Project("{FAE04EC0-301F-11D3-BF4B-00C04F79EFBC}") = "metodeopgave", "metodeopgave\metodeopgave.csproj", "{64C5CFC4-A533-41AB-9C78-174106D2BD46}"
EndProject
Project("{FAE04EC0-301F-11D3-BF4B-00C04F79EFBC}") = "Beregnarray", "Beregnarray\Beregnarray.csproj", "{4F9271F1-864A-44BA-AE81-2AD858CD20AB}"
EndProject
Project("{FAE04EC0-301F-11D3-BF4B-00C04F79EFBC}") = "Overload", "Overload\Overload.csproj", "{3708ECAC-8DE8-4489-8501-EBF4FB845C7E}"
EndProject
Project("{FAE04EC0-301F-11D3-BF4B-00C04F79EFBC}") = "Konsolapp", "Konsolapp\Konsolapp.csproj", "{16D6C248-4623-4712-A9C2-51D9021AF4B7}"
EndProject
Project("{FAE04EC0-301F-11D3-BF4B-00C04F79EFBC}") = "TerningApp", "TerningApp\TerningApp.csproj", "{28399716-4BC6-4077-95FD-B094390C9691}"
EndProject
Project("{FAE04EC0-301F-11D3-BF4B-00C04F79EFBC}") = "Egenskaber1", "Egenskaber1\Egenskaber1.csproj", "{A34708D1-9BB6-48AB-91F3-EA58AC7B518D}"
EndProject
Project("{FAE04EC0-301F-11D3-BF4B-00C04F79EFBC}") = "Egenskaber2", "Egenskaber2\Egenskaber2.csproj", "{2480DBF0-859E-4392-9441-D0F9F304DFEF}"
EndProject
Project("{FAE04EC0-301F-11D3-BF4B-00C04F79EFBC}") = "StatiskeMetoder", "StatiskeMetoder\StatiskeMetoder.csproj", "{0557BF0D-EA9F-4DB7-B378-3BF2BF05C6CB}"
EndProject
Project("{FAE04EC0-301F-11D3-BF4B-00C04F79EFBC}") = "EgenskaberVare", "EgenskaberVare\EgenskaberVare.csproj", "{95A1D6B3-E7C8-4F99-A977-6FF0FC022B9E}"
EndProject
Project("{FAE04EC0-301F-11D3-BF4B-00C04F79EFBC}") = "Arv", "Arv\Arv.csproj", "{00615287-6069-4233-BBB5-0E48AE3958B0}"
EndProject
Project("{FAE04EC0-301F-11D3-BF4B-00C04F79EFBC}") = "Arv1", "Arv1\Arv1.csproj", "{817A1CF1-6F1B-444A-A7E5-527FDA669FAE}"
EndProject
Project("{FAE04EC0-301F-11D3-BF4B-00C04F79EFBC}") = "PolymorfiDyr", "PolymorfiDyr\PolymorfiDyr.csproj", "{9D26B9C1-E24A-4B1C-AD4D-7E16D31B78D2}"
EndProject
Project("{FAE04EC0-301F-11D3-BF4B-00C04F79EFBC}") = "NedarvningTerning", "NedarvningTerning\NedarvningTerning.csproj", "{8EF24FB4-30C7-400B-B35C-F96162FA8906}"
EndProject
Project("{FAE04EC0-301F-11D3-BF4B-00C04F79EFBC}") = "Dag5opsummering", "Dag5opsummering\Dag5opsummering.csproj", "{B6330ACB-F925-4F3A-8D6C-CE718ACC382C}"
EndProject
Project("{FAE04EC0-301F-11D3-BF4B-00C04F79EFBC}") = "Interfaceopg", "Interfaceopg\Interfaceopg.csproj", "{F124F5CF-0940-4866-B413-DD4716D90EBA}"
EndProject
Project("{FAE04EC0-301F-11D3-BF4B-00C04F79EFBC}") = "LogNlog", "LogNlog\LogNlog.csproj", "{79FF6F2F-889C-4561-AF25-3CA06FAC215C}"
EndProject
Project("{FAE04EC0-301F-11D3-BF4B-00C04F79EFBC}") = "Compare", "Compare\Compare.csproj", "{F7F16A48-418C-4DEF-BC85-DAD8816C6FC5}"
EndProject
Project("{FAE04EC0-301F-11D3-BF4B-00C04F79EFBC}") = "OpenFile", "OpenFile\OpenFile.csproj", "{600DFADC-AC51-4436-8ECF-C41F386B83DD}"
EndProject
Project("{FAE04EC0-301F-11D3-BF4B-00C04F79EFBC}") = "Collections", "Collections\Collections.csproj", "{566BC9DB-2BF4-46DC-AD08-B92BE8FE6AEF}"
EndProject
Project("{FAE04EC0-301F-11D3-BF4B-00C04F79EFBC}") = "StackKort", "StackKort\StackKort.csproj", "{68CBD44C-9E44-4C63-BA2D-6A021CDCFC54}"
EndProject
Project("{FAE04EC0-301F-11D3-BF4B-00C04F79EFBC}") = "Delegate", "Delegate\Delegate.csproj", "{9889CF55-E21C-49A6-B8AD-20F6E930E9C6}"
EndProject
Project("{FAE04EC0-301F-11D3-BF4B-00C04F79EFBC}") = "DelegateFunc", "DelegateFunc\DelegateFunc.csproj", "{74ED0FEB-F464-4A64-B941-440682CBAE13}"
EndProject
Project("{FAE04EC0-301F-11D3-BF4B-00C04F79EFBC}") = "FileWatch", "FileWatch\FileWatch.csproj", "{D0B33750-C421-469F-9D2D-215C261AB181}"
EndProject
Global
	GlobalSection(SolutionConfigurationPlatforms) = preSolution
		Debug|Any CPU = Debug|Any CPU
		Release|Any CPU = Release|Any CPU
	EndGlobalSection
	GlobalSection(ProjectConfigurationPlatforms) = postSolution
		{ED61EF61-2518-4358-9274-AF90546F16DC}.Debug|Any CPU.ActiveCfg = Debug|Any CPU
		{ED61EF61-2518-4358-9274-AF90546F16DC}.Debug|Any CPU.Build.0 = Debug|Any CPU
		{ED61EF61-2518-4358-9274-AF90546F16DC}.Release|Any CPU.ActiveCfg = Release|Any CPU
		{ED61EF61-2518-4358-9274-AF90546F16DC}.Release|Any CPU.Build.0 = Release|Any CPU
		{3B404ABE-B1C1-4EB1-A581-63703EEFA401}.Debug|Any CPU.ActiveCfg = Debug|Any CPU
		{3B404ABE-B1C1-4EB1-A581-63703EEFA401}.Debug|Any CPU.Build.0 = Debug|Any CPU
		{3B404ABE-B1C1-4EB1-A581-63703EEFA401}.Release|Any CPU.ActiveCfg = Release|Any CPU
		{3B404ABE-B1C1-4EB1-A581-63703EEFA401}.Release|Any CPU.Build.0 = Release|Any CPU
		{52314A04-A84B-4053-A6DE-837C39AAA4A2}.Debug|Any CPU.ActiveCfg = Debug|Any CPU
		{52314A04-A84B-4053-A6DE-837C39AAA4A2}.Debug|Any CPU.Build.0 = Debug|Any CPU
		{52314A04-A84B-4053-A6DE-837C39AAA4A2}.Release|Any CPU.ActiveCfg = Release|Any CPU
		{52314A04-A84B-4053-A6DE-837C39AAA4A2}.Release|Any CPU.Build.0 = Release|Any CPU
		{224C681D-ACDD-48F7-9929-4B111EF0D1B9}.Debug|Any CPU.ActiveCfg = Debug|Any CPU
		{224C681D-ACDD-48F7-9929-4B111EF0D1B9}.Debug|Any CPU.Build.0 = Debug|Any CPU
		{224C681D-ACDD-48F7-9929-4B111EF0D1B9}.Release|Any CPU.ActiveCfg = Release|Any CPU
		{224C681D-ACDD-48F7-9929-4B111EF0D1B9}.Release|Any CPU.Build.0 = Release|Any CPU
		{779B2028-C640-4905-A36D-A83A043ACA82}.Debug|Any CPU.ActiveCfg = Debug|Any CPU
		{779B2028-C640-4905-A36D-A83A043ACA82}.Debug|Any CPU.Build.0 = Debug|Any CPU
		{779B2028-C640-4905-A36D-A83A043ACA82}.Release|Any CPU.ActiveCfg = Release|Any CPU
		{779B2028-C640-4905-A36D-A83A043ACA82}.Release|Any CPU.Build.0 = Release|Any CPU
		{C6A5C699-6257-4CDE-9C12-70502FDC05E5}.Debug|Any CPU.ActiveCfg = Debug|Any CPU
		{C6A5C699-6257-4CDE-9C12-70502FDC05E5}.Debug|Any CPU.Build.0 = Debug|Any CPU
		{C6A5C699-6257-4CDE-9C12-70502FDC05E5}.Release|Any CPU.ActiveCfg = Release|Any CPU
		{C6A5C699-6257-4CDE-9C12-70502FDC05E5}.Release|Any CPU.Build.0 = Release|Any CPU
		{BD24CAA3-9A99-4922-B73F-2A1F55486AFF}.Debug|Any CPU.ActiveCfg = Debug|Any CPU
		{BD24CAA3-9A99-4922-B73F-2A1F55486AFF}.Debug|Any CPU.Build.0 = Debug|Any CPU
		{BD24CAA3-9A99-4922-B73F-2A1F55486AFF}.Release|Any CPU.ActiveCfg = Release|Any CPU
		{BD24CAA3-9A99-4922-B73F-2A1F55486AFF}.Release|Any CPU.Build.0 = Release|Any CPU
		{D483641F-1FC6-47B3-A957-AC7771E1114D}.Debug|Any CPU.ActiveCfg = Debug|Any CPU
		{D483641F-1FC6-47B3-A957-AC7771E1114D}.Debug|Any CPU.Build.0 = Debug|Any CPU
		{D483641F-1FC6-47B3-A957-AC7771E1114D}.Release|Any CPU.ActiveCfg = Release|Any CPU
		{D483641F-1FC6-47B3-A957-AC7771E1114D}.Release|Any CPU.Build.0 = Release|Any CPU
		{5A6D04FF-61B6-4466-AC97-072ED4CEBA4C}.Debug|Any CPU.ActiveCfg = Debug|Any CPU
		{5A6D04FF-61B6-4466-AC97-072ED4CEBA4C}.Debug|Any CPU.Build.0 = Debug|Any CPU
		{5A6D04FF-61B6-4466-AC97-072ED4CEBA4C}.Release|Any CPU.ActiveCfg = Release|Any CPU
		{5A6D04FF-61B6-4466-AC97-072ED4CEBA4C}.Release|Any CPU.Build.0 = Release|Any CPU
		{5A1F3DDC-9D77-418A-83F2-DC422391FEB4}.Debug|Any CPU.ActiveCfg = Debug|Any CPU
		{5A1F3DDC-9D77-418A-83F2-DC422391FEB4}.Debug|Any CPU.Build.0 = Debug|Any CPU
		{5A1F3DDC-9D77-418A-83F2-DC422391FEB4}.Release|Any CPU.ActiveCfg = Release|Any CPU
		{5A1F3DDC-9D77-418A-83F2-DC422391FEB4}.Release|Any CPU.Build.0 = Release|Any CPU
		{1E76C25D-E3DE-46A6-85F2-AD0D99FDD13C}.Debug|Any CPU.ActiveCfg = Debug|Any CPU
		{1E76C25D-E3DE-46A6-85F2-AD0D99FDD13C}.Debug|Any CPU.Build.0 = Debug|Any CPU
		{1E76C25D-E3DE-46A6-85F2-AD0D99FDD13C}.Release|Any CPU.ActiveCfg = Release|Any CPU
		{1E76C25D-E3DE-46A6-85F2-AD0D99FDD13C}.Release|Any CPU.Build.0 = Release|Any CPU
		{26A8998B-29FB-4676-A5E2-42C60E15D61E}.Debug|Any CPU.ActiveCfg = Debug|Any CPU
		{26A8998B-29FB-4676-A5E2-42C60E15D61E}.Debug|Any CPU.Build.0 = Debug|Any CPU
		{26A8998B-29FB-4676-A5E2-42C60E15D61E}.Release|Any CPU.ActiveCfg = Release|Any CPU
		{26A8998B-29FB-4676-A5E2-42C60E15D61E}.Release|Any CPU.Build.0 = Release|Any CPU
		{1ADB742F-AFC9-48E4-A036-484829B78DFF}.Debug|Any CPU.ActiveCfg = Debug|Any CPU
		{1ADB742F-AFC9-48E4-A036-484829B78DFF}.Debug|Any CPU.Build.0 = Debug|Any CPU
		{1ADB742F-AFC9-48E4-A036-484829B78DFF}.Release|Any CPU.ActiveCfg = Release|Any CPU
		{1ADB742F-AFC9-48E4-A036-484829B78DFF}.Release|Any CPU.Build.0 = Release|Any CPU
		{76322B76-8542-4732-B944-23F75E811409}.Debug|Any CPU.ActiveCfg = Debug|Any CPU
		{76322B76-8542-4732-B944-23F75E811409}.Debug|Any CPU.Build.0 = Debug|Any CPU
		{76322B76-8542-4732-B944-23F75E811409}.Release|Any CPU.ActiveCfg = Release|Any CPU
		{76322B76-8542-4732-B944-23F75E811409}.Release|Any CPU.Build.0 = Release|Any CPU
		{1432B50E-8BED-4DE0-A1E2-FA956D3E176C}.Debug|Any CPU.ActiveCfg = Debug|Any CPU
		{1432B50E-8BED-4DE0-A1E2-FA956D3E176C}.Debug|Any CPU.Build.0 = Debug|Any CPU
		{1432B50E-8BED-4DE0-A1E2-FA956D3E176C}.Release|Any CPU.ActiveCfg = Release|Any CPU
		{1432B50E-8BED-4DE0-A1E2-FA956D3E176C}.Release|Any CPU.Build.0 = Release|Any CPU
		{AE558F87-4E8E-4678-96AA-6FB7D73D536C}.Debug|Any CPU.ActiveCfg = Debug|Any CPU
		{AE558F87-4E8E-4678-96AA-6FB7D73D536C}.Debug|Any CPU.Build.0 = Debug|Any CPU
		{AE558F87-4E8E-4678-96AA-6FB7D73D536C}.Release|Any CPU.ActiveCfg = Release|Any CPU
		{AE558F87-4E8E-4678-96AA-6FB7D73D536C}.Release|Any CPU.Build.0 = Release|Any CPU
		{FB07310D-B5AF-4C22-AF13-2CD8618318AA}.Debug|Any CPU.ActiveCfg = Debug|Any CPU
		{FB07310D-B5AF-4C22-AF13-2CD8618318AA}.Debug|Any CPU.Build.0 = Debug|Any CPU
		{FB07310D-B5AF-4C22-AF13-2CD8618318AA}.Release|Any CPU.ActiveCfg = Release|Any CPU
		{FB07310D-B5AF-4C22-AF13-2CD8618318AA}.Release|Any CPU.Build.0 = Release|Any CPU
		{64C5CFC4-A533-41AB-9C78-174106D2BD46}.Debug|Any CPU.ActiveCfg = Debug|Any CPU
		{64C5CFC4-A533-41AB-9C78-174106D2BD46}.Debug|Any CPU.Build.0 = Debug|Any CPU
		{64C5CFC4-A533-41AB-9C78-174106D2BD46}.Release|Any CPU.ActiveCfg = Release|Any CPU
		{64C5CFC4-A533-41AB-9C78-174106D2BD46}.Release|Any CPU.Build.0 = Release|Any CPU
		{4F9271F1-864A-44BA-AE81-2AD858CD20AB}.Debug|Any CPU.ActiveCfg = Debug|Any CPU
		{4F9271F1-864A-44BA-AE81-2AD858CD20AB}.Debug|Any CPU.Build.0 = Debug|Any CPU
		{4F9271F1-864A-44BA-AE81-2AD858CD20AB}.Release|Any CPU.ActiveCfg = Release|Any CPU
		{4F9271F1-864A-44BA-AE81-2AD858CD20AB}.Release|Any CPU.Build.0 = Release|Any CPU
		{3708ECAC-8DE8-4489-8501-EBF4FB845C7E}.Debug|Any CPU.ActiveCfg = Debug|Any CPU
		{3708ECAC-8DE8-4489-8501-EBF4FB845C7E}.Debug|Any CPU.Build.0 = Debug|Any CPU
		{3708ECAC-8DE8-4489-8501-EBF4FB845C7E}.Release|Any CPU.ActiveCfg = Release|Any CPU
		{3708ECAC-8DE8-4489-8501-EBF4FB845C7E}.Release|Any CPU.Build.0 = Release|Any CPU
		{16D6C248-4623-4712-A9C2-51D9021AF4B7}.Debug|Any CPU.ActiveCfg = Debug|Any CPU
		{16D6C248-4623-4712-A9C2-51D9021AF4B7}.Debug|Any CPU.Build.0 = Debug|Any CPU
		{16D6C248-4623-4712-A9C2-51D9021AF4B7}.Release|Any CPU.ActiveCfg = Release|Any CPU
		{16D6C248-4623-4712-A9C2-51D9021AF4B7}.Release|Any CPU.Build.0 = Release|Any CPU
		{28399716-4BC6-4077-95FD-B094390C9691}.Debug|Any CPU.ActiveCfg = Debug|Any CPU
		{28399716-4BC6-4077-95FD-B094390C9691}.Debug|Any CPU.Build.0 = Debug|Any CPU
		{28399716-4BC6-4077-95FD-B094390C9691}.Release|Any CPU.ActiveCfg = Release|Any CPU
		{28399716-4BC6-4077-95FD-B094390C9691}.Release|Any CPU.Build.0 = Release|Any CPU
		{A34708D1-9BB6-48AB-91F3-EA58AC7B518D}.Debug|Any CPU.ActiveCfg = Debug|Any CPU
		{A34708D1-9BB6-48AB-91F3-EA58AC7B518D}.Debug|Any CPU.Build.0 = Debug|Any CPU
		{A34708D1-9BB6-48AB-91F3-EA58AC7B518D}.Release|Any CPU.ActiveCfg = Release|Any CPU
		{A34708D1-9BB6-48AB-91F3-EA58AC7B518D}.Release|Any CPU.Build.0 = Release|Any CPU
		{2480DBF0-859E-4392-9441-D0F9F304DFEF}.Debug|Any CPU.ActiveCfg = Debug|Any CPU
		{2480DBF0-859E-4392-9441-D0F9F304DFEF}.Debug|Any CPU.Build.0 = Debug|Any CPU
		{2480DBF0-859E-4392-9441-D0F9F304DFEF}.Release|Any CPU.ActiveCfg = Release|Any CPU
		{2480DBF0-859E-4392-9441-D0F9F304DFEF}.Release|Any CPU.Build.0 = Release|Any CPU
		{0557BF0D-EA9F-4DB7-B378-3BF2BF05C6CB}.Debug|Any CPU.ActiveCfg = Debug|Any CPU
		{0557BF0D-EA9F-4DB7-B378-3BF2BF05C6CB}.Debug|Any CPU.Build.0 = Debug|Any CPU
		{0557BF0D-EA9F-4DB7-B378-3BF2BF05C6CB}.Release|Any CPU.ActiveCfg = Release|Any CPU
		{0557BF0D-EA9F-4DB7-B378-3BF2BF05C6CB}.Release|Any CPU.Build.0 = Release|Any CPU
		{95A1D6B3-E7C8-4F99-A977-6FF0FC022B9E}.Debug|Any CPU.ActiveCfg = Debug|Any CPU
		{95A1D6B3-E7C8-4F99-A977-6FF0FC022B9E}.Debug|Any CPU.Build.0 = Debug|Any CPU
		{95A1D6B3-E7C8-4F99-A977-6FF0FC022B9E}.Release|Any CPU.ActiveCfg = Release|Any CPU
		{95A1D6B3-E7C8-4F99-A977-6FF0FC022B9E}.Release|Any CPU.Build.0 = Release|Any CPU
		{00615287-6069-4233-BBB5-0E48AE3958B0}.Debug|Any CPU.ActiveCfg = Debug|Any CPU
		{00615287-6069-4233-BBB5-0E48AE3958B0}.Debug|Any CPU.Build.0 = Debug|Any CPU
		{00615287-6069-4233-BBB5-0E48AE3958B0}.Release|Any CPU.ActiveCfg = Release|Any CPU
		{00615287-6069-4233-BBB5-0E48AE3958B0}.Release|Any CPU.Build.0 = Release|Any CPU
		{817A1CF1-6F1B-444A-A7E5-527FDA669FAE}.Debug|Any CPU.ActiveCfg = Debug|Any CPU
		{817A1CF1-6F1B-444A-A7E5-527FDA669FAE}.Debug|Any CPU.Build.0 = Debug|Any CPU
		{817A1CF1-6F1B-444A-A7E5-527FDA669FAE}.Release|Any CPU.ActiveCfg = Release|Any CPU
		{817A1CF1-6F1B-444A-A7E5-527FDA669FAE}.Release|Any CPU.Build.0 = Release|Any CPU
		{9D26B9C1-E24A-4B1C-AD4D-7E16D31B78D2}.Debug|Any CPU.ActiveCfg = Debug|Any CPU
		{9D26B9C1-E24A-4B1C-AD4D-7E16D31B78D2}.Debug|Any CPU.Build.0 = Debug|Any CPU
		{9D26B9C1-E24A-4B1C-AD4D-7E16D31B78D2}.Release|Any CPU.ActiveCfg = Release|Any CPU
		{9D26B9C1-E24A-4B1C-AD4D-7E16D31B78D2}.Release|Any CPU.Build.0 = Release|Any CPU
		{8EF24FB4-30C7-400B-B35C-F96162FA8906}.Debug|Any CPU.ActiveCfg = Debug|Any CPU
		{8EF24FB4-30C7-400B-B35C-F96162FA8906}.Debug|Any CPU.Build.0 = Debug|Any CPU
		{8EF24FB4-30C7-400B-B35C-F96162FA8906}.Release|Any CPU.ActiveCfg = Release|Any CPU
		{8EF24FB4-30C7-400B-B35C-F96162FA8906}.Release|Any CPU.Build.0 = Release|Any CPU
		{B6330ACB-F925-4F3A-8D6C-CE718ACC382C}.Debug|Any CPU.ActiveCfg = Debug|Any CPU
		{B6330ACB-F925-4F3A-8D6C-CE718ACC382C}.Debug|Any CPU.Build.0 = Debug|Any CPU
		{B6330ACB-F925-4F3A-8D6C-CE718ACC382C}.Release|Any CPU.ActiveCfg = Release|Any CPU
		{B6330ACB-F925-4F3A-8D6C-CE718ACC382C}.Release|Any CPU.Build.0 = Release|Any CPU
		{F124F5CF-0940-4866-B413-DD4716D90EBA}.Debug|Any CPU.ActiveCfg = Debug|Any CPU
		{F124F5CF-0940-4866-B413-DD4716D90EBA}.Debug|Any CPU.Build.0 = Debug|Any CPU
		{F124F5CF-0940-4866-B413-DD4716D90EBA}.Release|Any CPU.ActiveCfg = Release|Any CPU
		{F124F5CF-0940-4866-B413-DD4716D90EBA}.Release|Any CPU.Build.0 = Release|Any CPU
		{79FF6F2F-889C-4561-AF25-3CA06FAC215C}.Debug|Any CPU.ActiveCfg = Debug|Any CPU
		{79FF6F2F-889C-4561-AF25-3CA06FAC215C}.Debug|Any CPU.Build.0 = Debug|Any CPU
		{79FF6F2F-889C-4561-AF25-3CA06FAC215C}.Release|Any CPU.ActiveCfg = Release|Any CPU
		{79FF6F2F-889C-4561-AF25-3CA06FAC215C}.Release|Any CPU.Build.0 = Release|Any CPU
		{F7F16A48-418C-4DEF-BC85-DAD8816C6FC5}.Debug|Any CPU.ActiveCfg = Debug|Any CPU
		{F7F16A48-418C-4DEF-BC85-DAD8816C6FC5}.Debug|Any CPU.Build.0 = Debug|Any CPU
		{F7F16A48-418C-4DEF-BC85-DAD8816C6FC5}.Release|Any CPU.ActiveCfg = Release|Any CPU
		{F7F16A48-418C-4DEF-BC85-DAD8816C6FC5}.Release|Any CPU.Build.0 = Release|Any CPU
		{600DFADC-AC51-4436-8ECF-C41F386B83DD}.Debug|Any CPU.ActiveCfg = Debug|Any CPU
		{600DFADC-AC51-4436-8ECF-C41F386B83DD}.Debug|Any CPU.Build.0 = Debug|Any CPU
		{600DFADC-AC51-4436-8ECF-C41F386B83DD}.Release|Any CPU.ActiveCfg = Release|Any CPU
		{600DFADC-AC51-4436-8ECF-C41F386B83DD}.Release|Any CPU.Build.0 = Release|Any CPU
		{566BC9DB-2BF4-46DC-AD08-B92BE8FE6AEF}.Debug|Any CPU.ActiveCfg = Debug|Any CPU
		{566BC9DB-2BF4-46DC-AD08-B92BE8FE6AEF}.Debug|Any CPU.Build.0 = Debug|Any CPU
		{566BC9DB-2BF4-46DC-AD08-B92BE8FE6AEF}.Release|Any CPU.ActiveCfg = Release|Any CPU
		{566BC9DB-2BF4-46DC-AD08-B92BE8FE6AEF}.Release|Any CPU.Build.0 = Release|Any CPU
		{68CBD44C-9E44-4C63-BA2D-6A021CDCFC54}.Debug|Any CPU.ActiveCfg = Debug|Any CPU
		{68CBD44C-9E44-4C63-BA2D-6A021CDCFC54}.Debug|Any CPU.Build.0 = Debug|Any CPU
		{68CBD44C-9E44-4C63-BA2D-6A021CDCFC54}.Release|Any CPU.ActiveCfg = Release|Any CPU
		{68CBD44C-9E44-4C63-BA2D-6A021CDCFC54}.Release|Any CPU.Build.0 = Release|Any CPU
		{9889CF55-E21C-49A6-B8AD-20F6E930E9C6}.Debug|Any CPU.ActiveCfg = Debug|Any CPU
		{9889CF55-E21C-49A6-B8AD-20F6E930E9C6}.Debug|Any CPU.Build.0 = Debug|Any CPU
		{9889CF55-E21C-49A6-B8AD-20F6E930E9C6}.Release|Any CPU.ActiveCfg = Release|Any CPU
		{9889CF55-E21C-49A6-B8AD-20F6E930E9C6}.Release|Any CPU.Build.0 = Release|Any CPU
		{74ED0FEB-F464-4A64-B941-440682CBAE13}.Debug|Any CPU.ActiveCfg = Debug|Any CPU
		{74ED0FEB-F464-4A64-B941-440682CBAE13}.Debug|Any CPU.Build.0 = Debug|Any CPU
		{74ED0FEB-F464-4A64-B941-440682CBAE13}.Release|Any CPU.ActiveCfg = Release|Any CPU
		{74ED0FEB-F464-4A64-B941-440682CBAE13}.Release|Any CPU.Build.0 = Release|Any CPU
		{D0B33750-C421-469F-9D2D-215C261AB181}.Debug|Any CPU.ActiveCfg = Debug|Any CPU
		{D0B33750-C421-469F-9D2D-215C261AB181}.Debug|Any CPU.Build.0 = Debug|Any CPU
		{D0B33750-C421-469F-9D2D-215C261AB181}.Release|Any CPU.ActiveCfg = Release|Any CPU
		{D0B33750-C421-469F-9D2D-215C261AB181}.Release|Any CPU.Build.0 = Release|Any CPU
	EndGlobalSection
	GlobalSection(SolutionProperties) = preSolution
		HideSolutionNode = FALSE
	EndGlobalSection
	GlobalSection(NestedProjects) = preSolution
		{ED61EF61-2518-4358-9274-AF90546F16DC} = {614BAE00-84EB-47BC-8C41-71B6E2131A8C}
		{3B404ABE-B1C1-4EB1-A581-63703EEFA401} = {614BAE00-84EB-47BC-8C41-71B6E2131A8C}
		{52314A04-A84B-4053-A6DE-837C39AAA4A2} = {614BAE00-84EB-47BC-8C41-71B6E2131A8C}
		{224C681D-ACDD-48F7-9929-4B111EF0D1B9} = {614BAE00-84EB-47BC-8C41-71B6E2131A8C}
		{779B2028-C640-4905-A36D-A83A043ACA82} = {614BAE00-84EB-47BC-8C41-71B6E2131A8C}
		{C6A5C699-6257-4CDE-9C12-70502FDC05E5} = {614BAE00-84EB-47BC-8C41-71B6E2131A8C}
		{BD24CAA3-9A99-4922-B73F-2A1F55486AFF} = {614BAE00-84EB-47BC-8C41-71B6E2131A8C}
		{D483641F-1FC6-47B3-A957-AC7771E1114D} = {614BAE00-84EB-47BC-8C41-71B6E2131A8C}
		{5A6D04FF-61B6-4466-AC97-072ED4CEBA4C} = {614BAE00-84EB-47BC-8C41-71B6E2131A8C}
		{5A1F3DDC-9D77-418A-83F2-DC422391FEB4} = {614BAE00-84EB-47BC-8C41-71B6E2131A8C}
		{1E76C25D-E3DE-46A6-85F2-AD0D99FDD13C} = {614BAE00-84EB-47BC-8C41-71B6E2131A8C}
		{26A8998B-29FB-4676-A5E2-42C60E15D61E} = {614BAE00-84EB-47BC-8C41-71B6E2131A8C}
		{1ADB742F-AFC9-48E4-A036-484829B78DFF} = {614BAE00-84EB-47BC-8C41-71B6E2131A8C}
		{76322B76-8542-4732-B944-23F75E811409} = {614BAE00-84EB-47BC-8C41-71B6E2131A8C}
		{1432B50E-8BED-4DE0-A1E2-FA956D3E176C} = {5E1B2542-C3EE-4515-8C83-C8E805B50E0F}
		{AE558F87-4E8E-4678-96AA-6FB7D73D536C} = {5E1B2542-C3EE-4515-8C83-C8E805B50E0F}
		{FB07310D-B5AF-4C22-AF13-2CD8618318AA} = {5E1B2542-C3EE-4515-8C83-C8E805B50E0F}
		{64C5CFC4-A533-41AB-9C78-174106D2BD46} = {5E1B2542-C3EE-4515-8C83-C8E805B50E0F}
		{4F9271F1-864A-44BA-AE81-2AD858CD20AB} = {5E1B2542-C3EE-4515-8C83-C8E805B50E0F}
		{3708ECAC-8DE8-4489-8501-EBF4FB845C7E} = {5E1B2542-C3EE-4515-8C83-C8E805B50E0F}
		{16D6C248-4623-4712-A9C2-51D9021AF4B7} = {5E1B2542-C3EE-4515-8C83-C8E805B50E0F}
		{28399716-4BC6-4077-95FD-B094390C9691} = {5E1B2542-C3EE-4515-8C83-C8E805B50E0F}
	EndGlobalSection
	GlobalSection(ExtensibilityGlobals) = postSolution
		SolutionGuid = {A5354BDA-3E12-4F48-8A32-DAFA5BEC4AA4}
	EndGlobalSection
EndGlobal
